# This file is autogenerated, do not edit; changes may be undone by the next 'dep ensure'.


[[projects]]
  digest = "1:182c975f81e52f08bddca2e91ed74454a52fddb4a971cb81ddcb5f3c24e98b1e"
  name = "github.com/bwmarrin/discordgo"
  packages = ["."]
  pruneopts = "UT"
  revision = "73f6772a2b7cc95e29c462e4f15bf07cbe0d3854"

[[projects]]
  branch = "master"
  digest = "1:ffe9824d294da03b391f44e1ae8281281b4afc1bdaa9588c9097785e3af10cec"
  name = "github.com/davecgh/go-spew"
  packages = ["spew"]
  pruneopts = "UT"
  revision = "d8f796af33cc11cb798c1aaeb27a4ebc5099927d"

[[projects]]
  digest = "1:6b31f07e94866306687219712fc79ed2b4efb5b8ede173e1f89c843dde5babde"
  name = "github.com/google/go-cloud"
  packages = [
    "wire",
    "wire/cmd/wire",
    "wire/internal/wire"
  ]
  pruneopts = "UT"
  revision = "d43c406711eb323fb6ab8a7d7e607358b99782a2"

[[projects]]
  digest = "1:3a26588bc48b96825977c1b3df964f8fd842cd6860cc26370588d3563433cf11"
  name = "github.com/google/uuid"
  packages = ["."]
  pruneopts = "UT"
  revision = "d460ce9f8df2e77fb1ba55ca87fafed96c607494"
  version = "v1.0.0"

[[projects]]
  digest = "1:9ee923192163b86d29ab503748f3cb4a3e37607dbf46be4dde5716499a3c84af"
  name = "github.com/gorilla/websocket"
  packages = ["."]
  pruneopts = "UT"
  revision = "76e4896901ef89d253d69b528d3701dd146fe2ae"

[[projects]]
  branch = "master"
  digest = "1:f478b446ff59d0900d6ce0ffebef29b3e4d2373f3e3f3b92e0e1d60bc2b0870e"
  name = "github.com/joho/godotenv"
  packages = [
    ".",
    "autoload"
  ]
  pruneopts = "UT"
  revision = "c0b86d615e06d6fa5f869364d68f774ba49a86e3"

[[projects]]
  digest = "1:0a69a1c0db3591fcefb47f115b224592c8dfa4368b7ba9fae509d5e16cdc95c8"
  name = "github.com/konsorten/go-windows-terminal-sequences"
  packages = ["."]
  pruneopts = "UT"
  revision = "5c8c8bd35d3832f5d134ae1e1e375b69a4d25242"
  version = "v1.0.1"

[[projects]]
  branch = "master"
  digest = "1:7cefc4f7f6a411c2598d3344563e4d23fd4e4d88fd1591831fe39cccff41ad28"
  name = "github.com/lib/pq"
  packages = [
    ".",
    "oid"
  ]
  pruneopts = "UT"
  revision = "9eb73efc1fcc404148b56765b0d3f61d9a5ef8ee"

[[projects]]
  branch = "master"
  digest = "1:7aefb397a53fc437c90f0fdb3e1419c751c5a3a165ced52325d5d797edf1aca6"
  name = "github.com/moul/http2curl"
  packages = ["."]
  pruneopts = "UT"
  revision = "9ac6cf4d929b2fa8fd2d2e6dec5bb0feb4f4911d"

[[projects]]
  branch = "develop"
  digest = "1:279c6e710389281535807b3f8b7c5e88a6594fda2127f5a77635ab5317b3d399"
  name = "github.com/parnurzeal/gorequest"
  packages = ["."]
  pruneopts = "UT"
  revision = "8e3aed27fe49f7fdc765dad067845f600fc984e8"

[[projects]]
  branch = "master"
  digest = "1:9f6281d8f50290ba740db82fe5be52877936e47928cd67285ab31b490c202247"
  name = "github.com/pkg/errors"
  packages = ["."]
  pruneopts = "UT"
  revision = "059132a15dd08d6704c67711dae0cf35ab991756"

[[projects]]
  digest = "1:0028cb19b2e4c3112225cd871870f2d9cf49b9b4276531f03438a88e94be86fe"
  name = "github.com/pmezard/go-difflib"
  packages = ["difflib"]
  pruneopts = "UT"
  revision = "792786c7400a136282c1664665ae0a8db921c6c2"
  version = "v1.0.0"

[[projects]]
  digest = "1:05aaa4aafcc339843489e731d3b223efc537bbf2eddbb57ded586064baaee260"
  name = "github.com/sirupsen/logrus"
  packages = [
    ".",
    "hooks/test"
  ]
  pruneopts = "UT"
  revision = "bcd833dfe83d3cebad139e4a29ed79cb2318bf95"
  version = "v1.2.0"

[[projects]]
  digest = "1:c4c32a83d578f72af47d2541ca9006982fab0078523ebbf1e96f296d424a1526"
  name = "github.com/stretchr/gorc"
  packages = ["."]
  pruneopts = "UT"
  revision = "9b19560d50ef427128aa6d37a95b302d49f3bd50"
  version = "v1.0"

[[projects]]
  digest = "1:ac83cf90d08b63ad5f7e020ef480d319ae890c208f8524622a2f3136e2686b02"
  name = "github.com/stretchr/objx"
  packages = ["."]
  pruneopts = "UT"
  revision = "477a77ecc69700c7cdeb1fa9e129548e1c1c393c"
  version = "v0.1.1"

[[projects]]
  digest = "1:eae13290cdbd5aceae82e14a96f79a9b152c9a945fd465b77d70758e4da59fd9"
  name = "github.com/stretchr/testify"
  packages = [
    "assert",
    "mock",
    "require",
    "suite"
  ]
  pruneopts = "UT"
  revision = "69483b4bd14f5845b5a1e55bca19e954e827f1d0"
  version = "v1.1.4"

[[projects]]
  digest = "1:d1816f8f4877e87cf0a80a25fbc0e7c7a6937bd728ccbf85e2c151c792445a1b"
  name = "github.com/thoas/go-funk"
  packages = ["."]
  pruneopts = "UT"
  revision = "9132db0aefe2a09565f5124e267ac9a89845d8f6"
  version = "0.4"

[[projects]]
  digest = "1:3fb803863fd713550106aa42c4545b428401c6aad1002de19b1e634339e9cef6"
  name = "github.com/urfave/cli"
  packages = ["."]
  pruneopts = "UT"
  revision = "934abfb2f102315b5794e15ebc7949e4ca253920"

[[projects]]
  branch = "master"
  digest = "1:1378ebd451fe372493ba42b4ef5ef5d5f09392ebf947a5d15f5a693e7ea4bc74"
  name = "github.com/vektra/mockery"
  packages = ["."]
  pruneopts = "UT"
  revision = "ea265755d541b124de6bc248f7744eab9005fd33"

[[projects]]
  digest = "1:207d2e280e7a43845b12d07437538d22d02dbd4c274b49f3940bb3dce2ed70d7"
  name = "golang.org/x/crypto"
  packages = [
    "internal/subtle",
    "nacl/secretbox",
    "poly1305",
    "salsa20/salsa",
    "ssh/terminal"
  ]
  pruneopts = "UT"
  revision = "e84da0312774c21d64ee2317962ef669b27ffb41"

[[projects]]
  digest = "1:e56a91f64003cb1bf7fed334ba2615d9750991d4570d5254a7cdbeac3374d546"
  name = "golang.org/x/net"
  packages = [
    "idna",
    "publicsuffix"
  ]
  pruneopts = "UT"
  revision = "9b4f9f5ad5197c79fd623a3638e70d8b26cef344"

[[projects]]
  branch = "master"
  digest = "1:6a875550c3b582f6c2d7e2ce44aba792511f00016d7c46b0a4fb26f730ef3058"
  name = "golang.org/x/sys"
  packages = [
    "unix",
    "windows"
  ]
  pruneopts = "UT"
  revision = "66b7b1311ac80bbafcd2daeef9a5e6e2cd1e2399"

[[projects]]
  digest = "1:a2ab62866c75542dd18d2b069fec854577a20211d7c0ea6ae746072a1dccdd18"
  name = "golang.org/x/text"
  packages = [
    "collate",
    "collate/build",
    "internal/colltab",
    "internal/gen",
    "internal/tag",
    "internal/triegen",
    "internal/ucd",
    "language",
    "secure/bidirule",
    "transform",
    "unicode/bidi",
    "unicode/cldr",
    "unicode/norm",
    "unicode/rangetable"
  ]
  pruneopts = "UT"
  revision = "f21a4dfb5e38f5895301dc265a8def02365cc3d0"
  version = "v0.3.0"

[[projects]]
  branch = "master"
  digest = "1:ef14d82562109d84ffea95e11945c59bb5547e0ef8e4933fac5e3ac6be3a662e"
  name = "golang.org/x/tools"
  packages = [
    "go/ast/astutil",
    "go/buildutil",
    "go/internal/cgo",
    "go/loader",
    "go/types/typeutil"
  ]
  pruneopts = "UT"
  revision = "e21233ffa6c386fc230b4328493f77af54ff9372"

[solve-meta]
  analyzer-name = "dep"
  analyzer-version = 1
  input-imports = [
    "github.com/bwmarrin/discordgo",
    "github.com/davecgh/go-spew/spew",
    "github.com/google/go-cloud/wire",
    "github.com/google/go-cloud/wire/cmd/wire",
    "github.com/google/uuid",
    "github.com/joho/godotenv/autoload",
    "github.com/lib/pq",
    "github.com/parnurzeal/gorequest",
    "github.com/pkg/errors",
    "github.com/sirupsen/logrus",
    "github.com/sirupsen/logrus/hooks/test",
    "github.com/stretchr/gorc",
    "github.com/stretchr/testify/assert",
    "github.com/stretchr/testify/mock",
    "github.com/stretchr/testify/suite",
    "github.com/thoas/go-funk",
    "github.com/urfave/cli",
    "github.com/vektra/mockery"
  ]
  solver-name = "gps-cdcl"
  solver-version = 1
