# This file is autogenerated, do not edit; changes may be undone by the next 'dep ensure'.


[[projects]]
  branch = "master"
  digest = "1:961bff420e181fa58dd1c2a8861186c08fbc6723194dbd47887cbc97c747c074"
  name = "github.com/ReactiveX/RxGo"
  packages = ["observable"]
  pruneopts = "UT"
  revision = "d8276d44ae6bf0008837d89d9d3413eda3c56ace"

[[projects]]
  digest = "1:fc4f149402c1fa7258290c3f91b0bfbc709763f3d3899609a2e4a0163dec65c6"
  name = "github.com/bwmarrin/discordgo"
  packages = ["."]
  pruneopts = "UT"
  revision = "8325a6bf6dd6c91ed4040a1617b07287b8fb0eba"
  version = "v0.19.0"

[[projects]]
  branch = "master"
  digest = "1:ffe9824d294da03b391f44e1ae8281281b4afc1bdaa9588c9097785e3af10cec"
  name = "github.com/davecgh/go-spew"
  packages = ["spew"]
  pruneopts = "UT"
  revision = "d8f796af33cc11cb798c1aaeb27a4ebc5099927d"

[[projects]]
  digest = "1:ab5c9f9d24aa14569408f4e74cd89eeb5661b120436face35ac067bcf8b8d617"
  name = "github.com/google/go-cloud"
  packages = [
    "wire",
    "wire/cmd/wire",
    "wire/internal/wire"
  ]
  pruneopts = "UT"
  revision = "2152f209f3c907645f7ebdcacdb2c18cd89e6fa8"
  version = "0.5.0"

[[projects]]
  digest = "1:236d7e1bdb50d8f68559af37dbcf9d142d56b431c9b2176d41e2a009b664cda8"
  name = "github.com/google/uuid"
  packages = ["."]
  pruneopts = "UT"
  revision = "9b3b1e0f5f99ae461456d768e7d301a7acdaa2d8"
  version = "v1.1.0"

[[projects]]
  digest = "1:7b5c6e2eeaa9ae5907c391a91c132abfd5c9e8a784a341b5625e750c67e6825d"
  name = "github.com/gorilla/websocket"
  packages = ["."]
  pruneopts = "UT"
  revision = "66b9c49e59c6c48f0ffce28c2d8b8a5678502c6d"
  version = "v1.4.0"

[[projects]]
  digest = "1:8dfbec76b4834d96c37ba4c4969fc47c9a15e67c5a7eecfa031fbe67dab50429"
  name = "github.com/jackc/pgx"
  packages = [
    ".",
    "chunkreader",
    "internal/sanitize",
    "pgio",
    "pgproto3",
    "pgtype"
  ]
  pruneopts = "UT"
  revision = "89f1e6ac7276b61d885db5e5aed6fcbedd1c7e31"
  version = "v3.2.0"

[[projects]]
  branch = "master"
  digest = "1:f478b446ff59d0900d6ce0ffebef29b3e4d2373f3e3f3b92e0e1d60bc2b0870e"
  name = "github.com/joho/godotenv"
  packages = [
    ".",
    "autoload"
  ]
  pruneopts = "UT"
  revision = "c0b86d615e06d6fa5f869364d68f774ba49a86e3"

[[projects]]
  digest = "1:0a69a1c0db3591fcefb47f115b224592c8dfa4368b7ba9fae509d5e16cdc95c8"
  name = "github.com/konsorten/go-windows-terminal-sequences"
  packages = ["."]
  pruneopts = "UT"
  revision = "5c8c8bd35d3832f5d134ae1e1e375b69a4d25242"
  version = "v1.0.1"

[[projects]]
  branch = "master"
  digest = "1:7cefc4f7f6a411c2598d3344563e4d23fd4e4d88fd1591831fe39cccff41ad28"
  name = "github.com/lib/pq"
  packages = [
    ".",
    "oid"
  ]
  pruneopts = "UT"
  revision = "9eb73efc1fcc404148b56765b0d3f61d9a5ef8ee"

[[projects]]
  digest = "1:7aefb397a53fc437c90f0fdb3e1419c751c5a3a165ced52325d5d797edf1aca6"
  name = "github.com/moul/http2curl"
  packages = ["."]
  pruneopts = "UT"
  revision = "9ac6cf4d929b2fa8fd2d2e6dec5bb0feb4f4911d"
  version = "v1.0.0"

[[projects]]
  branch = "develop"
  digest = "1:5cbba6107995f5304a87356dbce30a79167c2ba7ebfbeec948055a7a920f22f6"
  name = "github.com/parnurzeal/gorequest"
  packages = ["."]
  pruneopts = "UT"
  revision = "9433d8c3b4c5f3bbeca487a6a410008eab3ce5ee"

[[projects]]
  branch = "master"
  digest = "1:9f6281d8f50290ba740db82fe5be52877936e47928cd67285ab31b490c202247"
  name = "github.com/pkg/errors"
  packages = ["."]
  pruneopts = "UT"
  revision = "059132a15dd08d6704c67711dae0cf35ab991756"

[[projects]]
  digest = "1:0028cb19b2e4c3112225cd871870f2d9cf49b9b4276531f03438a88e94be86fe"
  name = "github.com/pmezard/go-difflib"
  packages = ["difflib"]
  pruneopts = "UT"
  revision = "792786c7400a136282c1664665ae0a8db921c6c2"
  version = "v1.0.0"

[[projects]]
  branch = "master"
  digest = "1:1f19f73a1723643e4953d5722556f7fb06fb3dc16f853f9b6b6dd63ef7eca720"
  name = "github.com/reactivex/rxgo"
  packages = [
    ".",
    "errors",
    "fx",
    "handlers",
    "observer",
    "subscription"
  ]
  pruneopts = "UT"
  revision = "d8276d44ae6bf0008837d89d9d3413eda3c56ace"

[[projects]]
  digest = "1:69b1cc331fca23d702bd72f860c6a647afd0aa9fcbc1d0659b1365e26546dd70"
  name = "github.com/sirupsen/logrus"
  packages = ["."]
  pruneopts = "UT"
  revision = "bcd833dfe83d3cebad139e4a29ed79cb2318bf95"
  version = "v1.2.0"

[[projects]]
  digest = "1:c4c32a83d578f72af47d2541ca9006982fab0078523ebbf1e96f296d424a1526"
  name = "github.com/stretchr/gorc"
  packages = ["."]
  pruneopts = "UT"
  revision = "9b19560d50ef427128aa6d37a95b302d49f3bd50"
  version = "v1.0"

[[projects]]
  digest = "1:ac83cf90d08b63ad5f7e020ef480d319ae890c208f8524622a2f3136e2686b02"
  name = "github.com/stretchr/objx"
  packages = ["."]
  pruneopts = "UT"
  revision = "477a77ecc69700c7cdeb1fa9e129548e1c1c393c"
  version = "v0.1.1"

[[projects]]
  digest = "1:eae13290cdbd5aceae82e14a96f79a9b152c9a945fd465b77d70758e4da59fd9"
  name = "github.com/stretchr/testify"
  packages = [
    "assert",
    "mock",
    "require",
    "suite"
  ]
  pruneopts = "UT"
  revision = "69483b4bd14f5845b5a1e55bca19e954e827f1d0"
  version = "v1.1.4"

[[projects]]
  digest = "1:d1816f8f4877e87cf0a80a25fbc0e7c7a6937bd728ccbf85e2c151c792445a1b"
  name = "github.com/thoas/go-funk"
  packages = ["."]
  pruneopts = "UT"
  revision = "9132db0aefe2a09565f5124e267ac9a89845d8f6"
  version = "0.4"

[[projects]]
  digest = "1:b24d38b282bacf9791408a080f606370efa3d364e4b5fd9ba0f7b87786d3b679"
  name = "github.com/urfave/cli"
  packages = ["."]
  pruneopts = "UT"
  revision = "cfb38830724cc34fedffe9a2a29fb54fa9169cd1"
  version = "v1.20.0"

[[projects]]
  branch = "master"
  digest = "1:29707fe1cd4eecd4a755b968d24168da4f8999b44ce333ce62fa3a3d0f8a2762"
  name = "github.com/vektra/mockery"
  packages = ["."]
  pruneopts = "UT"
  revision = "2be70d1c16b905d1ebbb3f1da219b11de416a0e6"

[[projects]]
  branch = "master"
  digest = "1:207d2e280e7a43845b12d07437538d22d02dbd4c274b49f3940bb3dce2ed70d7"
  name = "golang.org/x/crypto"
  packages = [
    "internal/subtle",
    "nacl/secretbox",
    "poly1305",
    "salsa20/salsa",
    "ssh/terminal"
  ]
  pruneopts = "UT"
  revision = "3d3f9f413869b949e48070b5bc593aa22cc2b8f2"

[[projects]]
  branch = "master"
  digest = "1:e56a91f64003cb1bf7fed334ba2615d9750991d4570d5254a7cdbeac3374d546"
  name = "golang.org/x/net"
  packages = [
    "idna",
    "publicsuffix"
  ]
  pruneopts = "UT"
  revision = "adae6a3d119ae4890b46832a2e88a95adc62b8e7"

[[projects]]
  branch = "master"
  digest = "1:48b757e61d662021f49a6a0afc67dacae27ee0c3a8f858d927126bcdf49222d3"
  name = "golang.org/x/sys"
  packages = [
    "unix",
    "windows"
  ]
  pruneopts = "UT"
  revision = "ec83556a53fe16b65c452a104ea9d1e86a671852"

[[projects]]
  digest = "1:a2ab62866c75542dd18d2b069fec854577a20211d7c0ea6ae746072a1dccdd18"
  name = "golang.org/x/text"
  packages = [
    "collate",
    "collate/build",
    "internal/colltab",
    "internal/gen",
    "internal/tag",
    "internal/triegen",
    "internal/ucd",
    "language",
    "secure/bidirule",
    "transform",
    "unicode/bidi",
    "unicode/cldr",
    "unicode/norm",
    "unicode/rangetable"
  ]
  pruneopts = "UT"
  revision = "f21a4dfb5e38f5895301dc265a8def02365cc3d0"
  version = "v0.3.0"

[[projects]]
  branch = "master"
  digest = "1:27c850168f8d0ed883decfab47bed4f4fd913fc55f7bdd57415e0983e4ff6c64"
  name = "golang.org/x/tools"
  packages = [
    "go/ast/astutil",
    "go/buildutil",
    "go/internal/cgo",
    "go/loader",
    "go/types/typeutil"
  ]
  pruneopts = "UT"
  revision = "89e258047f9bd4255fae0d48139e1d5ff0a7b8dd"

[solve-meta]
  analyzer-name = "dep"
  analyzer-version = 1
  input-imports = [
    "github.com/ReactiveX/RxGo/observable",
    "github.com/bwmarrin/discordgo",
    "github.com/davecgh/go-spew/spew",
    "github.com/google/go-cloud/wire",
    "github.com/google/go-cloud/wire/cmd/wire",
    "github.com/google/uuid",
    "github.com/jackc/pgx",
    "github.com/joho/godotenv/autoload",
    "github.com/lib/pq",
    "github.com/parnurzeal/gorequest",
    "github.com/pkg/errors",
    "github.com/reactivex/rxgo",
    "github.com/sirupsen/logrus",
    "github.com/stretchr/gorc",
    "github.com/stretchr/testify/assert",
    "github.com/stretchr/testify/mock",
    "github.com/stretchr/testify/suite",
    "github.com/thoas/go-funk",
    "github.com/urfave/cli",
    "github.com/vektra/mockery"
  ]
  solver-name = "gps-cdcl"
  solver-version = 1
